
Microsoft Visual Studio Solution File, Format Version 12.00
# Visual Studio Version 17
VisualStudioVersion = 17.5.33516.290
MinimumVisualStudioVersion = 10.0.40219.1
Project("{8BC9CEB8-8B4A-11D0-8D11-00A0C91BC942}") = "Boram_Programming", "Boram_Programming.vcxproj", "{92B6690D-DBC8-4F66-971F-4993DD87997A}"
EndProject
Global
	GlobalSection(SolutionConfigurationPlatforms) = preSolution
		Debug|x64 = Debug|x64
		Debug|x86 = Debug|x86
		Release|x64 = Release|x64
		Release|x86 = Release|x86
	EndGlobalSection
	GlobalSection(ProjectConfigurationPlatforms) = postSolution
		{92B6690D-DBC8-4F66-971F-4993DD87997A}.Debug|x64.ActiveCfg = Debug|x64
		{92B6690D-DBC8-4F66-971F-4993DD87997A}.Debug|x64.Build.0 = Debug|x64
		{92B6690D-DBC8-4F66-971F-4993DD87997A}.Debug|x86.ActiveCfg = Debug|Win32
		{92B6690D-DBC8-4F66-971F-4993DD87997A}.Debug|x86.Build.0 = Debug|Win32
		{92B6690D-DBC8-4F66-971F-4993DD87997A}.Release|x64.ActiveCfg = Release|x64
		{92B6690D-DBC8-4F66-971F-4993DD87997A}.Release|x64.Build.0 = Release|x64
		{92B6690D-DBC8-4F66-971F-4993DD87997A}.Release|x86.ActiveCfg = Release|Win32
		{92B6690D-DBC8-4F66-971F-4993DD87997A}.Release|x86.Build.0 = Release|Win32
	EndGlobalSection
	GlobalSection(SolutionProperties) = preSolution
		HideSolutionNode = FALSE
	EndGlobalSection
	GlobalSection(ExtensibilityGlobals) = postSolution
		SolutionGuid = {19229395-35A3-47BE-AB85-015A1B56F4F2}
	EndGlobalSection
EndGlobal
